
Microsoft Visual Studio Solution File, Format Version 12.00
# Visual Studio Version 16
VisualStudioVersion = 16.0.31410.357
MinimumVisualStudioVersion = 10.0.40219.1
Project("{9A19103F-16F7-4668-BE54-9A1E7A4F7556}") = "MaryoNetwork", "MaryoNetwork\MaryoNetwork.csproj", "{1EE47F4E-1DDF-4D0A-A297-7BA36314252D}"
EndProject
Global
	GlobalSection(SolutionConfigurationPlatforms) = preSolution
		Debug|Any CPU = Debug|Any CPU
		Release|Any CPU = Release|Any CPU
	EndGlobalSection
	GlobalSection(ProjectConfigurationPlatforms) = postSolution
		{1EE47F4E-1DDF-4D0A-A297-7BA36314252D}.Debug|Any CPU.ActiveCfg = Debug|Any CPU
		{1EE47F4E-1DDF-4D0A-A297-7BA36314252D}.Debug|Any CPU.Build.0 = Debug|Any CPU
		{1EE47F4E-1DDF-4D0A-A297-7BA36314252D}.Release|Any CPU.ActiveCfg = Release|Any CPU
		{1EE47F4E-1DDF-4D0A-A297-7BA36314252D}.Release|Any CPU.Build.0 = Release|Any CPU
	EndGlobalSection
	GlobalSection(SolutionProperties) = preSolution
		HideSolutionNode = FALSE
	EndGlobalSection
	GlobalSection(ExtensibilityGlobals) = postSolution
		SolutionGuid = {D3EE69A1-940D-485F-868F-0D0F8E6A9779}
	EndGlobalSection
EndGlobal
