
Microsoft Visual Studio Solution File, Format Version 12.00
# Visual Studio Version 16
VisualStudioVersion = 16.0.31410.357
MinimumVisualStudioVersion = 10.0.40219.1
Project("{FAE04EC0-301F-11D3-BF4B-00C04F79EFBC}") = "ChatMaryoNet.Client", "ChatMaryoNet\ChatMaryoNet.Client.csproj", "{7DFC2AB1-C25B-4B2E-9596-5BBB72C57194}"
EndProject
Project("{FAE04EC0-301F-11D3-BF4B-00C04F79EFBC}") = "ChatMaryoNet.Server", "ChatMaryoNet.Server\ChatMaryoNet.Server.csproj", "{C08C66F5-9254-4A5F-AEE5-11E10AB7E9CC}"
EndProject
Project("{FAE04EC0-301F-11D3-BF4B-00C04F79EFBC}") = "ChatMaryoNet.Shared", "ChatMaryoNet.Shared\ChatMaryoNet.Shared.csproj", "{C5A3C19A-4F55-4B52-9A6F-5271308178AD}"
EndProject
Global
	GlobalSection(SolutionConfigurationPlatforms) = preSolution
		Debug|Any CPU = Debug|Any CPU
		Release|Any CPU = Release|Any CPU
	EndGlobalSection
	GlobalSection(ProjectConfigurationPlatforms) = postSolution
		{7DFC2AB1-C25B-4B2E-9596-5BBB72C57194}.Debug|Any CPU.ActiveCfg = Debug|Any CPU
		{7DFC2AB1-C25B-4B2E-9596-5BBB72C57194}.Debug|Any CPU.Build.0 = Debug|Any CPU
		{7DFC2AB1-C25B-4B2E-9596-5BBB72C57194}.Release|Any CPU.ActiveCfg = Release|Any CPU
		{7DFC2AB1-C25B-4B2E-9596-5BBB72C57194}.Release|Any CPU.Build.0 = Release|Any CPU
		{C08C66F5-9254-4A5F-AEE5-11E10AB7E9CC}.Debug|Any CPU.ActiveCfg = Debug|Any CPU
		{C08C66F5-9254-4A5F-AEE5-11E10AB7E9CC}.Debug|Any CPU.Build.0 = Debug|Any CPU
		{C08C66F5-9254-4A5F-AEE5-11E10AB7E9CC}.Release|Any CPU.ActiveCfg = Release|Any CPU
		{C08C66F5-9254-4A5F-AEE5-11E10AB7E9CC}.Release|Any CPU.Build.0 = Release|Any CPU
		{C5A3C19A-4F55-4B52-9A6F-5271308178AD}.Debug|Any CPU.ActiveCfg = Debug|Any CPU
		{C5A3C19A-4F55-4B52-9A6F-5271308178AD}.Debug|Any CPU.Build.0 = Debug|Any CPU
		{C5A3C19A-4F55-4B52-9A6F-5271308178AD}.Release|Any CPU.ActiveCfg = Release|Any CPU
		{C5A3C19A-4F55-4B52-9A6F-5271308178AD}.Release|Any CPU.Build.0 = Release|Any CPU
	EndGlobalSection
	GlobalSection(SolutionProperties) = preSolution
		HideSolutionNode = FALSE
	EndGlobalSection
	GlobalSection(ExtensibilityGlobals) = postSolution
		SolutionGuid = {BC29E316-33FB-47C9-910D-1C83E9DB25CF}
	EndGlobalSection
EndGlobal
